{
  "name": "electron-react-boilerplate",
  "version": "4.6.0",
  "lockfileVersion": 2,
  "requires": true,
  "packages": {
    "": {
      "name": "electron-react-boilerplate",
      "version": "4.6.0",
      "hasInstallScript": true,
      "license": "MIT",
      "dependencies": {
        "playwright-firefox": "^1.26.1"
      }
    },
    "node_modules/playwright-core": {
      "version": "1.27.0",
      "resolved": "https://registry.npmjs.org/playwright-core/-/playwright-core-1.27.0.tgz",
      "integrity": "sha512-VBKaaFUVKDo3akW+o4DwbK1ZyXh46tcSwQKPK3lruh8IJd5feu55XVZx4vOkbb2uqrNdIF51sgsadYT533SdpA==",
      "license": "Apache-2.0",
      "bin": {
        "playwright": "cli.js"
      },
      "engines": {
        "node": ">=14"
      }
    },
    "node_modules/playwright-firefox": {
      "version": "1.27.0",
      "resolved": "https://registry.npmjs.org/playwright-firefox/-/playwright-firefox-1.27.0.tgz",
      "integrity": "sha512-kT5++rPM+MxFAfop4aY5xBVzRRw4kPB0bDyRvkH7b0tQEXK1Nh7yNj/tWb2Ec3uAWU3G/h373FBwF9qIxxXzlQ==",
      "hasInstallScript": true,
      "license": "Apache-2.0",
      "dependencies": {
        "playwright-core": "1.27.0"
      },
      "bin": {
        "playwright": "cli.js"
      },
      "engines": {
        "node": ">=14"
      }
    }
  },
  "dependencies": {
    "playwright-core": {
      "version": "1.27.0",
      "resolved": "https://registry.npmjs.org/playwright-core/-/playwright-core-1.27.0.tgz",
      "integrity": "sha512-VBKaaFUVKDo3akW+o4DwbK1ZyXh46tcSwQKPK3lruh8IJd5feu55XVZx4vOkbb2uqrNdIF51sgsadYT533SdpA=="
    },
    "playwright-firefox": {
      "version": "1.27.0",
      "resolved": "https://registry.npmjs.org/playwright-firefox/-/playwright-firefox-1.27.0.tgz",
      "integrity": "sha512-kT5++rPM+MxFAfop4aY5xBVzRRw4kPB0bDyRvkH7b0tQEXK1Nh7yNj/tWb2Ec3uAWU3G/h373FBwF9qIxxXzlQ==",
      "requires": {
        "playwright-core": "1.27.0"
      }
    }
  }
}
