# THIS IS AN AUTOGENERATED FILE. DO NOT EDIT THIS FILE DIRECTLY.
# yarn lockfile v1


playwright-core@1.27.0:
  version "1.27.0"
  resolved "https://registry.yarnpkg.com/playwright-core/-/playwright-core-1.27.0.tgz#e5f9d2bc19ebdd9581a01e74f019bb91aa7cf55d"
  integrity sha512-VBKaaFUVKDo3akW+o4DwbK1ZyXh46tcSwQKPK3lruh8IJd5feu55XVZx4vOkbb2uqrNdIF51sgsadYT533SdpA==

playwright-firefox@^1.26.1:
  version "1.27.0"
  resolved "https://registry.yarnpkg.com/playwright-firefox/-/playwright-firefox-1.27.0.tgz#ea636de5608b10c99428d8de8a47befb9e070ff3"
  integrity sha512-kT5++rPM+MxFAfop4aY5xBVzRRw4kPB0bDyRvkH7b0tQEXK1Nh7yNj/tWb2Ec3uAWU3G/h373FBwF9qIxxXzlQ==
  dependencies:
    playwright-core "1.27.0"
