# THIS IS AN AUTOGENERATED FILE. DO NOT EDIT THIS FILE DIRECTLY.
# yarn lockfile v1


"playwright-core@1.27.0":
  "integrity" "sha512-VBKaaFUVKDo3akW+o4DwbK1ZyXh46tcSwQKPK3lruh8IJd5feu55XVZx4vOkbb2uqrNdIF51sgsadYT533SdpA=="
  "resolved" "https://registry.npmjs.org/playwright-core/-/playwright-core-1.27.0.tgz"
  "version" "1.27.0"

"playwright-firefox@^1.26.1":
  "integrity" "sha512-kT5++rPM+MxFAfop4aY5xBVzRRw4kPB0bDyRvkH7b0tQEXK1Nh7yNj/tWb2Ec3uAWU3G/h373FBwF9qIxxXzlQ=="
  "resolved" "https://registry.npmjs.org/playwright-firefox/-/playwright-firefox-1.27.0.tgz"
  "version" "1.27.0"
  dependencies:
    "playwright-core" "1.27.0"
